{
  "name": "empty",
  "version": "1.0.0",
  "lockfileVersion": 1,
  "requires": true,
  "dependencies": {
    "@zeppos/device-types": {
      "version": "1.0.0",
      "resolved": "https://registry.npmjs.org/@zeppos/device-types/-/device-types-1.0.0.tgz",
      "integrity": "sha512-BuIropIsjjO0c3oZShw4t2o/7CoD1LIsaIGyMvtdOo4FyFZ4J386kwj1wrDl6k+ZLbjn1Mb2SEpq4XLa7hcDVg==",
      "dev": true
    }
  }
}
